<?xml version="1.0" encoding="utf-8"?>
<Project ToolsVersion="4.0" xmlns="http://schemas.microsoft.com/developer/msbuild/2003">
  <ItemGroup>
    <Filter Include="Source Files">
      <UniqueIdentifier>{4FC737F1-C7A5-4376-A066-2A32D752A2FF}</UniqueIdentifier>
      <Extensions>cpp;c;cc;cxx;def;odl;idl;hpj;bat;asm;asmx</Extensions>
    </Filter>
    <Filter Include="Geometry">
      <UniqueIdentifier>{3a80260c-fac7-4a48-aad1-05ec8af78324}</UniqueIdentifier>
    </Filter>
    <Filter Include="RayTracer">
      <UniqueIdentifier>{04f62679-124d-493b-8547-6771a3139d6e}</UniqueIdentifier>
    </Filter>
    <Filter Include="Common">
      <UniqueIdentifier>{8715a19b-2979-48aa-b4c2-8e965d38c99a}</UniqueIdentifier>
    </Filter>
  </ItemGroup>
  <ItemGroup>
    <ClCompile Include="..\..\source\main.cpp">
      <Filter>Source Files</Filter>
    </ClCompile>
    <ClCompile Include="..\..\source\raytracer.cpp">
      <Filter>RayTracer</Filter>
    </ClCompile>
    <ClCompile Include="..\..\source\camera.cpp">
      <Filter>RayTracer</Filter>
    </ClCompile>
    <ClCompile Include="..\..\source\image.cpp">
      <Filter>RayTracer</Filter>
    </ClCompile>
    <ClCompile Include="..\..\source\ray.cpp">
      <Filter>RayTracer</Filter>
    </ClCompile>
    <ClCompile Include="..\..\source\material.cpp">
      <Filter>Geometry</Filter>
    </ClCompile>
    <ClCompile Include="..\..\source\light.cpp">
      <Filter>RayTracer</Filter>
    </ClCompile>
    <ClCompile Include="..\..\source\color.cpp">
      <Filter>Geometry</Filter>
    </ClCompile>
    <ClCompile Include="..\..\source\shading.cpp">
      <Filter>RayTracer</Filter>
    </ClCompile>
    <ClCompile Include="..\..\source\common.cpp">
      <Filter>Common</Filter>
    </ClCompile>
    <ClCompile Include="..\..\source\export.cpp">
      <Filter>Source Files</Filter>
    </ClCompile>
    <ClCompile Include="..\..\source\configfile.cpp">
      <Filter>Source Files</Filter>
    </ClCompile>
    <ClCompile Include="..\..\source\generator.cpp">
      <Filter>Geometry</Filter>
    </ClCompile>
    <ClCompile Include="..\..\source\mesh.cpp">
      <Filter>Geometry</Filter>
    </ClCompile>
    <ClCompile Include="..\..\source\model.cpp">
      <Filter>Geometry</Filter>
    </ClCompile>
    <ClCompile Include="..\..\source\vec3.cpp">
      <Filter>Geometry</Filter>
    </ClCompile>
    <ClCompile Include="..\..\source\sphere.cpp">
      <Filter>Geometry</Filter>
    </ClCompile>
  </ItemGroup>
  <ItemGroup>
    <ClInclude Include="..\..\source\raytracer.hpp">
      <Filter>RayTracer</Filter>
    </ClInclude>
    <ClInclude Include="..\..\source\camera.hpp">
      <Filter>RayTracer</Filter>
    </ClInclude>
    <ClInclude Include="..\..\source\image.hpp">
      <Filter>RayTracer</Filter>
    </ClInclude>
    <ClInclude Include="..\..\source\ray.hpp">
      <Filter>RayTracer</Filter>
    </ClInclude>
    <ClInclude Include="..\..\source\material.hpp">
      <Filter>Geometry</Filter>
    </ClInclude>
    <ClInclude Include="..\..\source\light.hpp">
      <Filter>RayTracer</Filter>
    </ClInclude>
    <ClInclude Include="..\..\source\color.hpp">
      <Filter>Geometry</Filter>
    </ClInclude>
    <ClInclude Include="..\..\source\shading.hpp">
      <Filter>RayTracer</Filter>
    </ClInclude>
    <ClInclude Include="..\..\source\common.hpp">
      <Filter>Common</Filter>
    </ClInclude>
    <ClInclude Include="..\..\source\export.hpp">
      <Filter>Source Files</Filter>
    </ClInclude>
    <ClInclude Include="..\..\source\configfile.hpp">
      <Filter>Source Files</Filter>
    </ClInclude>
    <ClInclude Include="..\..\source\generator.hpp">
      <Filter>Geometry</Filter>
    </ClInclude>
    <ClInclude Include="..\..\source\mesh.hpp">
      <Filter>Geometry</Filter>
    </ClInclude>
    <ClInclude Include="..\..\source\model.hpp">
      <Filter>Geometry</Filter>
    </ClInclude>
    <ClInclude Include="..\..\source\vec3.hpp">
      <Filter>Geometry</Filter>
    </ClInclude>
    <ClInclude Include="..\..\source\sphere.hpp">
      <Filter>Geometry</Filter>
    </ClInclude>
  </ItemGroup>
</Project>