<?xml version="1.0" encoding="utf-8"?>
<Project ToolsVersion="4.0" xmlns="http://schemas.microsoft.com/developer/msbuild/2003">
  <ItemGroup>
    <ClCompile Include="..\..\source\camera.cpp" />
    <ClCompile Include="..\..\source\color.cpp" />
    <ClCompile Include="..\..\source\common.cpp" />
    <ClCompile Include="..\..\source\configfile.cpp" />
    <ClCompile Include="..\..\source\sphere.cpp" />
    <ClCompile Include="..\..\source\vec3.cpp" />
    <ClCompile Include="..\..\source\export.cpp" />
    <ClCompile Include="..\..\source\generator.cpp" />
    <ClCompile Include="..\..\source\mesh.cpp" />
    <ClCompile Include="..\..\source\image.cpp" />
    <ClCompile Include="..\..\source\light.cpp" />
    <ClCompile Include="..\..\source\main.cpp" />
    <ClCompile Include="..\..\source\material.cpp" />
    <ClCompile Include="..\..\source\model.cpp" />
    <ClCompile Include="..\..\source\ray.cpp" />
    <ClCompile Include="..\..\source\raytracer.cpp" />
    <ClCompile Include="..\..\source\shading.cpp" />
    <ClCompile Include="..\..\source\random.cpp" />
  </ItemGroup>
  <ItemGroup>
    <ClInclude Include="..\..\source\camera.hpp" />
    <ClInclude Include="..\..\source\color.hpp" />
    <ClInclude Include="..\..\source\common.hpp" />
    <ClInclude Include="..\..\source\configfile.hpp" />
    <ClInclude Include="..\..\source\sphere.hpp" />
    <ClInclude Include="..\..\source\vec3.hpp" />
    <ClInclude Include="..\..\source\export.hpp" />
    <ClInclude Include="..\..\source\generator.hpp" />
    <ClInclude Include="..\..\source\mesh.hpp" />
    <ClInclude Include="..\..\source\image.hpp" />
    <ClInclude Include="..\..\source\light.hpp" />
    <ClInclude Include="..\..\source\material.hpp" />
    <ClInclude Include="..\..\source\model.hpp" />
    <ClInclude Include="..\..\source\ray.hpp" />
    <ClInclude Include="..\..\source\raytracer.hpp" />
    <ClInclude Include="..\..\source\shading.hpp" />
    <ClInclude Include="..\..\source\random.hpp" />
  </ItemGroup>
</Project>