<?xml version="1.0" encoding="utf-8"?>
<Project ToolsVersion="4.0" xmlns="http://schemas.microsoft.com/developer/msbuild/2003">
  <ItemGroup>
    <Filter Include="Source Files">
      <UniqueIdentifier>{4FC737F1-C7A5-4376-A066-2A32D752A2FF}</UniqueIdentifier>
      <Extensions>cpp;c;cc;cxx;def;odl;idl;hpj;bat;asm;asmx</Extensions>
    </Filter>
    <Filter Include="RayTracer">
      <UniqueIdentifier>{04f62679-124d-493b-8547-6771a3139d6e}</UniqueIdentifier>
    </Filter>
    <Filter Include="Common">
      <UniqueIdentifier>{8715a19b-2979-48aa-b4c2-8e965d38c99a}</UniqueIdentifier>
    </Filter>
    <Filter Include="Model">
      <UniqueIdentifier>{3a80260c-fac7-4a48-aad1-05ec8af78324}</UniqueIdentifier>
    </Filter>
  </ItemGroup>
  <ItemGroup>
    <ClCompile Include="..\..\source\raytracer\main.cpp">
      <Filter>Source Files</Filter>
    </ClCompile>
    <ClCompile Include="..\..\source\raytracer\raytracer.cpp">
      <Filter>RayTracer</Filter>
    </ClCompile>
    <ClCompile Include="..\..\source\raytracer\camera.cpp">
      <Filter>RayTracer</Filter>
    </ClCompile>
    <ClCompile Include="..\..\source\raytracer\image.cpp">
      <Filter>RayTracer</Filter>
    </ClCompile>
    <ClCompile Include="..\..\source\raytracer\ray.cpp">
      <Filter>RayTracer</Filter>
    </ClCompile>
    <ClCompile Include="..\..\source\raytracer\material.cpp">
      <Filter>Model</Filter>
    </ClCompile>
    <ClCompile Include="..\..\source\raytracer\color.cpp">
      <Filter>Model</Filter>
    </ClCompile>
    <ClCompile Include="..\..\source\raytracer\shading.cpp">
      <Filter>RayTracer</Filter>
    </ClCompile>
    <ClCompile Include="..\..\source\raytracer\common.cpp">
      <Filter>Common</Filter>
    </ClCompile>
    <ClCompile Include="..\..\source\raytracer\export.cpp">
      <Filter>Source Files</Filter>
    </ClCompile>
    <ClCompile Include="..\..\source\raytracer\configfile.cpp">
      <Filter>Source Files</Filter>
    </ClCompile>
    <ClCompile Include="..\..\source\raytracer\generator.cpp">
      <Filter>Model</Filter>
    </ClCompile>
    <ClCompile Include="..\..\source\raytracer\mesh.cpp">
      <Filter>Model</Filter>
    </ClCompile>
    <ClCompile Include="..\..\source\raytracer\model.cpp">
      <Filter>Model</Filter>
    </ClCompile>
    <ClCompile Include="..\..\source\raytracer\vec3.cpp">
      <Filter>Model</Filter>
    </ClCompile>
    <ClCompile Include="..\..\source\raytracer\sphere.cpp">
      <Filter>Model</Filter>
    </ClCompile>
    <ClCompile Include="..\..\source\raytracer\transformation.cpp">
      <Filter>Model</Filter>
    </ClCompile>
    <ClCompile Include="..\..\source\raytracer\interface.cpp">
      <Filter>Source Files</Filter>
    </ClCompile>
    <ClCompile Include="..\..\source\raytracer\renderer.cpp">
      <Filter>RayTracer</Filter>
    </ClCompile>
    <ClCompile Include="..\..\source\raytracer\pathtracer.cpp">
      <Filter>RayTracer</Filter>
    </ClCompile>
    <ClCompile Include="..\..\source\raytracer\random.cpp">
      <Filter>Common</Filter>
    </ClCompile>
    <ClCompile Include="..\..\source\raytracer\light.cpp">
      <Filter>Model</Filter>
    </ClCompile>
    <ClCompile Include="..\..\source\raytracer\box.cpp">
      <Filter>Model</Filter>
    </ClCompile>
    <ClCompile Include="..\..\source\raytracer\octree.cpp">
      <Filter>Model</Filter>
    </ClCompile>
    <ClCompile Include="..\..\source\raytracer\intersection.cpp">
      <Filter>RayTracer</Filter>
    </ClCompile>
    <ClCompile Include="..\..\source\raytracer\triangle.cpp">
      <Filter>Model</Filter>
    </ClCompile>
    <ClCompile Include="..\..\source\raytracer\pathtracer2.cpp">
      <Filter>RayTracer</Filter>
    </ClCompile>
    <ClCompile Include="..\..\source\raytracer\threading.cpp">
      <Filter>Common</Filter>
    </ClCompile>
    <ClCompile Include="..\..\source\raytracer\vec2.cpp">
      <Filter>Model</Filter>
    </ClCompile>
    <ClCompile Include="..\..\source\raytracer\texture.cpp">
      <Filter>Model</Filter>
    </ClCompile>
  </ItemGroup>
  <ItemGroup>
    <ClInclude Include="..\..\source\raytracer\raytracer.hpp">
      <Filter>RayTracer</Filter>
    </ClInclude>
    <ClInclude Include="..\..\source\raytracer\camera.hpp">
      <Filter>RayTracer</Filter>
    </ClInclude>
    <ClInclude Include="..\..\source\raytracer\image.hpp">
      <Filter>RayTracer</Filter>
    </ClInclude>
    <ClInclude Include="..\..\source\raytracer\ray.hpp">
      <Filter>RayTracer</Filter>
    </ClInclude>
    <ClInclude Include="..\..\source\raytracer\material.hpp">
      <Filter>Model</Filter>
    </ClInclude>
    <ClInclude Include="..\..\source\raytracer\color.hpp">
      <Filter>Model</Filter>
    </ClInclude>
    <ClInclude Include="..\..\source\raytracer\shading.hpp">
      <Filter>RayTracer</Filter>
    </ClInclude>
    <ClInclude Include="..\..\source\raytracer\common.hpp">
      <Filter>Common</Filter>
    </ClInclude>
    <ClInclude Include="..\..\source\raytracer\export.hpp">
      <Filter>Source Files</Filter>
    </ClInclude>
    <ClInclude Include="..\..\source\raytracer\configfile.hpp">
      <Filter>Source Files</Filter>
    </ClInclude>
    <ClInclude Include="..\..\source\raytracer\generator.hpp">
      <Filter>Model</Filter>
    </ClInclude>
    <ClInclude Include="..\..\source\raytracer\mesh.hpp">
      <Filter>Model</Filter>
    </ClInclude>
    <ClInclude Include="..\..\source\raytracer\model.hpp">
      <Filter>Model</Filter>
    </ClInclude>
    <ClInclude Include="..\..\source\raytracer\vec3.hpp">
      <Filter>Model</Filter>
    </ClInclude>
    <ClInclude Include="..\..\source\raytracer\sphere.hpp">
      <Filter>Model</Filter>
    </ClInclude>
    <ClInclude Include="..\..\source\raytracer\average.hpp">
      <Filter>Common</Filter>
    </ClInclude>
    <ClInclude Include="..\..\source\raytracer\transformation.hpp">
      <Filter>Model</Filter>
    </ClInclude>
    <ClInclude Include="..\..\source\raytracer\interface.hpp">
      <Filter>Source Files</Filter>
    </ClInclude>
    <ClInclude Include="..\..\source\raytracer\renderer.hpp">
      <Filter>RayTracer</Filter>
    </ClInclude>
    <ClInclude Include="..\..\source\raytracer\pathtracer.hpp">
      <Filter>RayTracer</Filter>
    </ClInclude>
    <ClInclude Include="..\..\source\raytracer\random.hpp">
      <Filter>Common</Filter>
    </ClInclude>
    <ClInclude Include="..\..\source\raytracer\light.hpp">
      <Filter>Model</Filter>
    </ClInclude>
    <ClInclude Include="..\..\source\raytracer\box.hpp">
      <Filter>Model</Filter>
    </ClInclude>
    <ClInclude Include="..\..\source\raytracer\octree.hpp">
      <Filter>Model</Filter>
    </ClInclude>
    <ClInclude Include="..\..\source\raytracer\intersection.hpp">
      <Filter>RayTracer</Filter>
    </ClInclude>
    <ClInclude Include="..\..\source\raytracer\triangle.hpp">
      <Filter>Model</Filter>
    </ClInclude>
    <ClInclude Include="..\..\source\raytracer\pathtracer2.hpp">
      <Filter>RayTracer</Filter>
    </ClInclude>
    <ClInclude Include="..\..\source\raytracer\threading.hpp">
      <Filter>Common</Filter>
    </ClInclude>
    <ClInclude Include="..\..\source\raytracer\vec2.hpp">
      <Filter>Model</Filter>
    </ClInclude>
    <ClInclude Include="..\..\source\raytracer\texture.hpp">
      <Filter>Model</Filter>
    </ClInclude>
  </ItemGroup>
</Project>